
Microsoft Visual Studio Solution File, Format Version 12.00
# Visual Studio Version 17
VisualStudioVersion = 17.1.32210.238
MinimumVisualStudioVersion = 10.0.40219.1
Project("{FAE04EC0-301F-11D3-BF4B-00C04F79EFBC}") = "loginNet", "loginNet\loginNet.csproj", "{ACE3A678-D02E-4DEB-B85F-3E48A894FF1F}"
EndProject
Global
	GlobalSection(SolutionConfigurationPlatforms) = preSolution
		Debug|Any CPU = Debug|Any CPU
		Release|Any CPU = Release|Any CPU
	EndGlobalSection
	GlobalSection(ProjectConfigurationPlatforms) = postSolution
		{ACE3A678-D02E-4DEB-B85F-3E48A894FF1F}.Debug|Any CPU.ActiveCfg = Debug|Any CPU
		{ACE3A678-D02E-4DEB-B85F-3E48A894FF1F}.Debug|Any CPU.Build.0 = Debug|Any CPU
		{ACE3A678-D02E-4DEB-B85F-3E48A894FF1F}.Release|Any CPU.ActiveCfg = Release|Any CPU
		{ACE3A678-D02E-4DEB-B85F-3E48A894FF1F}.Release|Any CPU.Build.0 = Release|Any CPU
	EndGlobalSection
	GlobalSection(SolutionProperties) = preSolution
		HideSolutionNode = FALSE
	EndGlobalSection
	GlobalSection(ExtensibilityGlobals) = postSolution
		SolutionGuid = {A3BBEAEB-A8B6-44E1-8450-3E0C410EFC1D}
	EndGlobalSection
EndGlobal
